
Microsoft Visual Studio Solution File, Format Version 12.00
# Visual Studio Version 16
VisualStudioVersion = 16.0.31605.320
MinimumVisualStudioVersion = 10.0.40219.1
Project("{FAE04EC0-301F-11D3-BF4B-00C04F79EFBC}") = "AzureDevopsDataInsertionJob", "AzureDevopsDataInsertionJob\AzureDevopsDataInsertionJob.csproj", "{2A272055-37EB-494F-8A19-92D09B2FBFB9}"
EndProject
Global
	GlobalSection(SolutionConfigurationPlatforms) = preSolution
		Debug|Any CPU = Debug|Any CPU
		Release|Any CPU = Release|Any CPU
	EndGlobalSection
	GlobalSection(ProjectConfigurationPlatforms) = postSolution
		{2A272055-37EB-494F-8A19-92D09B2FBFB9}.Debug|Any CPU.ActiveCfg = Debug|Any CPU
		{2A272055-37EB-494F-8A19-92D09B2FBFB9}.Debug|Any CPU.Build.0 = Debug|Any CPU
		{2A272055-37EB-494F-8A19-92D09B2FBFB9}.Release|Any CPU.ActiveCfg = Release|Any CPU
		{2A272055-37EB-494F-8A19-92D09B2FBFB9}.Release|Any CPU.Build.0 = Release|Any CPU
	EndGlobalSection
	GlobalSection(SolutionProperties) = preSolution
		HideSolutionNode = FALSE
	EndGlobalSection
	GlobalSection(ExtensibilityGlobals) = postSolution
		SolutionGuid = {B8FFBD52-C3FE-44AA-ABA4-0D5940243DF5}
	EndGlobalSection
EndGlobal
